// !$*UTF8*$!
{
	archiveVersion = 1;
	classes = {
	};
	objectVersion = 48;
	objects = {

/* Begin PBXBuildFile section */
		131379BA1FB9661900C640DC /* eiffel_tower.jpg in Resources */ = {isa = PBXBuildFile; fileRef = 131379B91FB9661900C640DC /* eiffel_tower.jpg */; };
		131379BC1FB9664700C640DC /* empire_state_building.jpg in Resources */ = {isa = PBXBuildFile; fileRef = 131379BB1FB9664700C640DC /* empire_state_building.jpg */; };
		131379BE1FB9665B00C640DC /* buckingham_palace.jpg in Resources */ = {isa = PBXBuildFile; fileRef = 131379BD1FB9665B00C640DC /* buckingham_palace.jpg */; };
		131379C01FB9666D00C640DC /* grand_canyon.jpg in Resources */ = {isa = PBXBuildFile; fileRef = 131379BF1FB9666D00C640DC /* grand_canyon.jpg */; };
		131379C21FB9667B00C640DC /* windsor_castle.jpg in Resources */ = {isa = PBXBuildFile; fileRef = 131379C11FB9667B00C640DC /* windsor_castle.jpg */; };
		13BCCC9C1FB955C900304891 /* AttractionTableViewController.swift in Sources */ = {isa = PBXBuildFile; fileRef = 13BCCC9B1FB955C900304891 /* AttractionTableViewController.swift */; };
		13BCCC9E1FB9564E00304891 /* AttractionTableViewCell.swift in Sources */ = {isa = PBXBuildFile; fileRef = 13BCCC9D1FB9564E00304891 /* AttractionTableViewCell.swift */; };
		13E55EDD1FB94938009A104A /* AppDelegate.swift in Sources */ = {isa = PBXBuildFile; fileRef = 13E55EDC1FB94938009A104A /* AppDelegate.swift */; };
		13E55EE21FB94938009A104A /* Main.storyboard in Resources */ = {isa = PBXBuildFile; fileRef = 13E55EE01FB94938009A104A /* Main.storyboard */; };
		13E55EE41FB94938009A104A /* Assets.xcassets in Resources */ = {isa = PBXBuildFile; fileRef = 13E55EE31FB94938009A104A /* Assets.xcassets */; };
		13E55EE71FB94938009A104A /* LaunchScreen.storyboard in Resources */ = {isa = PBXBuildFile; fileRef = 13E55EE51FB94938009A104A /* LaunchScreen.storyboard */; };
/* End PBXBuildFile section */

/* Begin PBXFileReference section */
		131379B91FB9661900C640DC /* eiffel_tower.jpg */ = {isa = PBXFileReference; lastKnownFileType = image.jpeg; path = eiffel_tower.jpg; sourceTree = "<group>"; };
		131379BB1FB9664700C640DC /* empire_state_building.jpg */ = {isa = PBXFileReference; lastKnownFileType = image.jpeg; path = empire_state_building.jpg; sourceTree = "<group>"; };
		131379BD1FB9665B00C640DC /* buckingham_palace.jpg */ = {isa = PBXFileReference; lastKnownFileType = image.jpeg; path = buckingham_palace.jpg; sourceTree = "<group>"; };
		131379BF1FB9666D00C640DC /* grand_canyon.jpg */ = {isa = PBXFileReference; lastKnownFileType = image.jpeg; path = grand_canyon.jpg; sourceTree = "<group>"; };
		131379C11FB9667B00C640DC /* windsor_castle.jpg */ = {isa = PBXFileReference; lastKnownFileType = image.jpeg; path = windsor_castle.jpg; sourceTree = "<group>"; };
		13BCCC9B1FB955C900304891 /* AttractionTableViewController.swift */ = {isa = PBXFileReference; lastKnownFileType = sourcecode.swift; path = AttractionTableViewController.swift; sourceTree = "<group>"; };
		13BCCC9D1FB9564E00304891 /* AttractionTableViewCell.swift */ = {isa = PBXFileReference; lastKnownFileType = sourcecode.swift; path = AttractionTableViewCell.swift; sourceTree = "<group>"; };
		13E55ED91FB94938009A104A /* 3DTouchViews.app */ = {isa = PBXFileReference; explicitFileType = wrapper.application; includeInIndex = 0; path = 3DTouchViews.app; sourceTree = BUILT_PRODUCTS_DIR; };
		13E55EDC1FB94938009A104A /* AppDelegate.swift */ = {isa = PBXFileReference; lastKnownFileType = sourcecode.swift; path = AppDelegate.swift; sourceTree = "<group>"; };
		13E55EE11FB94938009A104A /* Base */ = {isa = PBXFileReference; lastKnownFileType = file.storyboard; name = Base; path = Base.lproj/Main.storyboard; sourceTree = "<group>"; };
		13E55EE31FB94938009A104A /* Assets.xcassets */ = {isa = PBXFileReference; lastKnownFileType = folder.assetcatalog; path = Assets.xcassets; sourceTree = "<group>"; };
		13E55EE61FB94938009A104A /* Base */ = {isa = PBXFileReference; lastKnownFileType = file.storyboard; name = Base; path = Base.lproj/LaunchScreen.storyboard; sourceTree = "<group>"; };
		13E55EE81FB94938009A104A /* Info.plist */ = {isa = PBXFileReference; lastKnownFileType = text.plist.xml; path = Info.plist; sourceTree = "<group>"; };
/* End PBXFileReference section */

/* Begin PBXFrameworksBuildPhase section */
		13E55ED61FB94938009A104A /* Frameworks */ = {
			isa = PBXFrameworksBuildPhase;
			buildActionMask = 2147483647;
			files = (
			);
			runOnlyForDeploymentPostprocessing = 0;
		};
/* End PBXFrameworksBuildPhase section */

/* Begin PBXGroup section */
		131379C31FB9691300C640DC /* Storyboards */ = {
			isa = PBXGroup;
			children = (
				13E55EE01FB94938009A104A /* Main.storyboard */,
				13E55EE51FB94938009A104A /* LaunchScreen.storyboard */,
			);
			path = Storyboards;
			sourceTree = "<group>";
		};
		13E55ED01FB94938009A104A = {
			isa = PBXGroup;
			children = (
				13E55EDB1FB94938009A104A /* 3DTouchViews */,
				13E55EDA1FB94938009A104A /* Products */,
			);
			sourceTree = "<group>";
		};
		13E55EDA1FB94938009A104A /* Products */ = {
			isa = PBXGroup;
			children = (
				13E55ED91FB94938009A104A /* 3DTouchViews.app */,
			);
			name = Products;
			sourceTree = "<group>";
		};
		13E55EDB1FB94938009A104A /* 3DTouchViews */ = {
			isa = PBXGroup;
			children = (
				13E55EDC1FB94938009A104A /* AppDelegate.swift */,
				13BCCC9B1FB955C900304891 /* AttractionTableViewController.swift */,
				13BCCC9D1FB9564E00304891 /* AttractionTableViewCell.swift */,
				13E55EE31FB94938009A104A /* Assets.xcassets */,
				131379BD1FB9665B00C640DC /* buckingham_palace.jpg */,
				131379B91FB9661900C640DC /* eiffel_tower.jpg */,
				131379BF1FB9666D00C640DC /* grand_canyon.jpg */,
				131379C11FB9667B00C640DC /* windsor_castle.jpg */,
				131379BB1FB9664700C640DC /* empire_state_building.jpg */,
				131379C31FB9691300C640DC /* Storyboards */,
				13E55EE81FB94938009A104A /* Info.plist */,
			);
			path = 3DTouchViews;
			sourceTree = "<group>";
		};
/* End PBXGroup section */

/* Begin PBXNativeTarget section */
		13E55ED81FB94938009A104A /* 3DTouchViews */ = {
			isa = PBXNativeTarget;
			buildConfigurationList = 13E55EEB1FB94938009A104A /* Build configuration list for PBXNativeTarget "3DTouchViews" */;
			buildPhases = (
				13E55ED51FB94938009A104A /* Sources */,
				13E55ED61FB94938009A104A /* Frameworks */,
				13E55ED71FB94938009A104A /* Resources */,
			);
			buildRules = (
			);
			dependencies = (
			);
			name = 3DTouchViews;
			productName = 3DTouchViews;
			productReference = 13E55ED91FB94938009A104A /* 3DTouchViews.app */;
			productType = "com.apple.product-type.application";
		};
/* End PBXNativeTarget section */

/* Begin PBXProject section */
		13E55ED11FB94938009A104A /* Project object */ = {
			isa = PBXProject;
			attributes = {
				LastSwiftUpdateCheck = 0920;
				LastUpgradeCheck = 0920;
				ORGANIZATIONNAME = "Jacob Burke";
				TargetAttributes = {
					13E55ED81FB94938009A104A = {
						CreatedOnToolsVersion = 9.2;
						ProvisioningStyle = Automatic;
					};
				};
			};
			buildConfigurationList = 13E55ED41FB94938009A104A /* Build configuration list for PBXProject "3DTouchViews" */;
			compatibilityVersion = "Xcode 8.0";
			developmentRegion = en;
			hasScannedForEncodings = 0;
			knownRegions = (
				en,
				Base,
			);
			mainGroup = 13E55ED01FB94938009A104A;
			productRefGroup = 13E55EDA1FB94938009A104A /* Products */;
			projectDirPath = "";
			projectRoot = "";
			targets = (
				13E55ED81FB94938009A104A /* 3DTouchViews */,
			);
		};
/* End PBXProject section */

/* Begin PBXResourcesBuildPhase section */
		13E55ED71FB94938009A104A /* Resources */ = {
			isa = PBXResourcesBuildPhase;
			buildActionMask = 2147483647;
			files = (
				13E55EE71FB94938009A104A /* LaunchScreen.storyboard in Resources */,
				131379C01FB9666D00C640DC /* grand_canyon.jpg in Resources */,
				131379C21FB9667B00C640DC /* windsor_castle.jpg in Resources */,
				13E55EE41FB94938009A104A /* Assets.xcassets in Resources */,
				131379BC1FB9664700C640DC /* empire_state_building.jpg in Resources */,
				131379BA1FB9661900C640DC /* eiffel_tower.jpg in Resources */,
				131379BE1FB9665B00C640DC /* buckingham_palace.jpg in Resources */,
				13E55EE21FB94938009A104A /* Main.storyboard in Resources */,
			);
			runOnlyForDeploymentPostprocessing = 0;
		};
/* End PBXResourcesBuildPhase section */

/* Begin PBXSourcesBuildPhase section */
		13E55ED51FB94938009A104A /* Sources */ = {
			isa = PBXSourcesBuildPhase;
			buildActionMask = 2147483647;
			files = (
				13E55EDD1FB94938009A104A /* AppDelegate.swift in Sources */,
				13BCCC9E1FB9564E00304891 /* AttractionTableViewCell.swift in Sources */,
				13BCCC9C1FB955C900304891 /* AttractionTableViewController.swift in Sources */,
			);
			runOnlyForDeploymentPostprocessing = 0;
		};
/* End PBXSourcesBuildPhase section */

/* Begin PBXVariantGroup section */
		13E55EE01FB94938009A104A /* Main.storyboard */ = {
			isa = PBXVariantGroup;
			children = (
				13E55EE11FB94938009A104A /* Base */,
			);
			name = Main.storyboard;
			sourceTree = "<group>";
		};
		13E55EE51FB94938009A104A /* LaunchScreen.storyboard */ = {
			isa = PBXVariantGroup;
			children = (
				13E55EE61FB94938009A104A /* Base */,
			);
			name = LaunchScreen.storyboard;
			sourceTree = "<group>";
		};
/* End PBXVariantGroup section */

/* Begin XCBuildConfiguration section */
		13E55EE91FB94938009A104A /* Debug */ = {
			isa = XCBuildConfiguration;
			buildSettings = {
				ALWAYS_SEARCH_USER_PATHS = NO;
				CLANG_ANALYZER_NONNULL = YES;
				CLANG_ANALYZER_NUMBER_OBJECT_CONVERSION = YES_AGGRESSIVE;
				CLANG_CXX_LANGUAGE_STANDARD = "gnu++14";
				CLANG_CXX_LIBRARY = "libc++";
				CLANG_ENABLE_MODULES = YES;
				CLANG_ENABLE_OBJC_ARC = YES;
				CLANG_WARN_BLOCK_CAPTURE_AUTORELEASING = YES;
				CLANG_WARN_BOOL_CONVERSION = YES;
				CLANG_WARN_COMMA = YES;
				CLANG_WARN_CONSTANT_CONVERSION = YES;
				CLANG_WARN_DIRECT_OBJC_ISA_USAGE = YES_ERROR;
				CLANG_WARN_DOCUMENTATION_COMMENTS = YES;
				CLANG_WARN_EMPTY_BODY = YES;
				CLANG_WARN_ENUM_CONVERSION = YES;
				CLANG_WARN_INFINITE_RECURSION = YES;
				CLANG_WARN_INT_CONVERSION = YES;
				CLANG_WARN_NON_LITERAL_NULL_CONVERSION = YES;
				CLANG_WARN_OBJC_LITERAL_CONVERSION = YES;
				CLANG_WARN_OBJC_ROOT_CLASS = YES_ERROR;
				CLANG_WARN_RANGE_LOOP_ANALYSIS = YES;
				CLANG_WARN_STRICT_PROTOTYPES = YES;
				CLANG_WARN_SUSPICIOUS_MOVE = YES;
				CLANG_WARN_UNGUARDED_AVAILABILITY = YES_AGGRESSIVE;
				CLANG_WARN_UNREACHABLE_CODE = YES;
				CLANG_WARN__DUPLICATE_METHOD_MATCH = YES;
				CODE_SIGN_IDENTITY = "iPhone Developer";
				COPY_PHASE_STRIP = NO;
				DEBUG_INFORMATION_FORMAT = dwarf;
				ENABLE_STRICT_OBJC_MSGSEND = YES;
				ENABLE_TESTABILITY = YES;
				GCC_C_LANGUAGE_STANDARD = gnu11;
				GCC_DYNAMIC_NO_PIC = NO;
				GCC_NO_COMMON_BLOCKS = YES;
				GCC_OPTIMIZATION_LEVEL = 0;
				GCC_PREPROCESSOR_DEFINITIONS = (
					"DEBUG=1",
					"$(inherited)",
				);
				GCC_WARN_64_TO_32_BIT_CONVERSION = YES;
				GCC_WARN_ABOUT_RETURN_TYPE = YES_ERROR;
				GCC_WARN_UNDECLARED_SELECTOR = YES;
				GCC_WARN_UNINITIALIZED_AUTOS = YES_AGGRESSIVE;
				GCC_WARN_UNUSED_FUNCTION = YES;
				GCC_WARN_UNUSED_VARIABLE = YES;
				IPHONEOS_DEPLOYMENT_TARGET = 11.2;
				MTL_ENABLE_DEBUG_INFO = YES;
				ONLY_ACTIVE_ARCH = YES;
				SDKROOT = iphoneos;
				SWIFT_ACTIVE_COMPILATION_CONDITIONS = DEBUG;
				SWIFT_OPTIMIZATION_LEVEL = "-Onone";
			};
			name = Debug;
		};
		13E55EEA1FB94938009A104A /* Release */ = {
			isa = XCBuildConfiguration;
			buildSettings = {
				ALWAYS_SEARCH_USER_PATHS = NO;
				CLANG_ANALYZER_NONNULL = YES;
				CLANG_ANALYZER_NUMBER_OBJECT_CONVERSION = YES_AGGRESSIVE;
				CLANG_CXX_LANGUAGE_STANDARD = "gnu++14";
				CLANG_CXX_LIBRARY = "libc++";
				CLANG_ENABLE_MODULES = YES;
				CLANG_ENABLE_OBJC_ARC = YES;
				CLANG_WARN_BLOCK_CAPTURE_AUTORELEASING = YES;
				CLANG_WARN_BOOL_CONVERSION = YES;
				CLANG_WARN_COMMA = YES;
				CLANG_WARN_CONSTANT_CONVERSION = YES;
				CLANG_WARN_DIRECT_OBJC_ISA_USAGE = YES_ERROR;
				CLANG_WARN_DOCUMENTATION_COMMENTS = YES;
				CLANG_WARN_EMPTY_BODY = YES;
				CLANG_WARN_ENUM_CONVERSION = YES;
				CLANG_WARN_INFINITE_RECURSION = YES;
				CLANG_WARN_INT_CONVERSION = YES;
				CLANG_WARN_NON_LITERAL_NULL_CONVERSION = YES;
				CLANG_WARN_OBJC_LITERAL_CONVERSION = YES;
				CLANG_WARN_OBJC_ROOT_CLASS = YES_ERROR;
				CLANG_WARN_RANGE_LOOP_ANALYSIS = YES;
				CLANG_WARN_STRICT_PROTOTYPES = YES;
				CLANG_WARN_SUSPICIOUS_MOVE = YES;
				CLANG_WARN_UNGUARDED_AVAILABILITY = YES_AGGRESSIVE;
				CLANG_WARN_UNREACHABLE_CODE = YES;
				CLANG_WARN__DUPLICATE_METHOD_MATCH = YES;
				CODE_SIGN_IDENTITY = "iPhone Developer";
				COPY_PHASE_STRIP = NO;
				DEBUG_INFORMATION_FORMAT = "dwarf-with-dsym";
				ENABLE_NS_ASSERTIONS = NO;
				ENABLE_STRICT_OBJC_MSGSEND = YES;
				GCC_C_LANGUAGE_STANDARD = gnu11;
				GCC_NO_COMMON_BLOCKS = YES;
				GCC_WARN_64_TO_32_BIT_CONVERSION = YES;
				GCC_WARN_ABOUT_RETURN_TYPE = YES_ERROR;
				GCC_WARN_UNDECLARED_SELECTOR = YES;
				GCC_WARN_UNINITIALIZED_AUTOS = YES_AGGRESSIVE;
				GCC_WARN_UNUSED_FUNCTION = YES;
				GCC_WARN_UNUSED_VARIABLE = YES;
				IPHONEOS_DEPLOYMENT_TARGET = 11.2;
				MTL_ENABLE_DEBUG_INFO = NO;
				SDKROOT = iphoneos;
				SWIFT_OPTIMIZATION_LEVEL = "-Owholemodule";
				VALIDATE_PRODUCT = YES;
			};
			name = Release;
		};
		13E55EEC1FB94938009A104A /* Debug */ = {
			isa = XCBuildConfiguration;
			buildSettings = {
				ASSETCATALOG_COMPILER_APPICON_NAME = AppIcon;
				CODE_SIGN_STYLE = Automatic;
				DEVELOPMENT_TEAM = 5H553J2TX5;
				INFOPLIST_FILE = 3DTouchViews/Info.plist;
				LD_RUNPATH_SEARCH_PATHS = "$(inherited) @executable_path/Frameworks";
				PRODUCT_BUNDLE_IDENTIFIER = "com.persistentinnovators.-DTouchViews";
				PRODUCT_NAME = "$(TARGET_NAME)";
				SWIFT_VERSION = 4.0;
				TARGETED_DEVICE_FAMILY = "1,2";
			};
			name = Debug;
		};
		13E55EED1FB94938009A104A /* Release */ = {
			isa = XCBuildConfiguration;
			buildSettings = {
				ASSETCATALOG_COMPILER_APPICON_NAME = AppIcon;
				CODE_SIGN_STYLE = Automatic;
				DEVELOPMENT_TEAM = 5H553J2TX5;
				INFOPLIST_FILE = 3DTouchViews/Info.plist;
				LD_RUNPATH_SEARCH_PATHS = "$(inherited) @executable_path/Frameworks";
				PRODUCT_BUNDLE_IDENTIFIER = "com.persistentinnovators.-DTouchViews";
				PRODUCT_NAME = "$(TARGET_NAME)";
				SWIFT_VERSION = 4.0;
				TARGETED_DEVICE_FAMILY = "1,2";
			};
			name = Release;
		};
/* End XCBuildConfiguration section */

/* Begin XCConfigurationList section */
		13E55ED41FB94938009A104A /* Build configuration list for PBXProject "3DTouchViews" */ = {
			isa = XCConfigurationList;
			buildConfigurations = (
				13E55EE91FB94938009A104A /* Debug */,
				13E55EEA1FB94938009A104A /* Release */,
			);
			defaultConfigurationIsVisible = 0;
			defaultConfigurationName = Release;
		};
		13E55EEB1FB94938009A104A /* Build configuration list for PBXNativeTarget "3DTouchViews" */ = {
			isa = XCConfigurationList;
			buildConfigurations = (
				13E55EEC1FB94938009A104A /* Debug */,
				13E55EED1FB94938009A104A /* Release */,
			);
			defaultConfigurationIsVisible = 0;
			defaultConfigurationName = Release;
		};
/* End XCConfigurationList section */
	};
	rootObject = 13E55ED11FB94938009A104A /* Project object */;
}
